
Microsoft Visual Studio Solution File, Format Version 12.00
# Visual Studio 14
VisualStudioVersion = 14.0.25420.1
MinimumVisualStudioVersion = 10.0.40219.1
Project("{2150E333-8FDC-42A3-9474-1A3956D46DE8}") = "src", "src", "{D6AF33DD-32E5-4FF9-86B6-3FE87C6B2283}"
EndProject
Project("{2150E333-8FDC-42A3-9474-1A3956D46DE8}") = "Solution Items", "Solution Items", "{3957AC62-E15E-45AE-9E9D-559818090A0D}"
	ProjectSection(SolutionItems) = preProject
		global.json = global.json
	EndProjectSection
EndProject
Project("{8BB2217D-0F2D-49D1-97BC-3654ED321F3B}") = "AjaxDemo", "src\AjaxDemo\AjaxDemo.xproj", "{BEA67772-3795-44C4-8DA6-9A32F55450C3}"
EndProject
Global
	GlobalSection(SolutionConfigurationPlatforms) = preSolution
		Debug|Any CPU = Debug|Any CPU
		Release|Any CPU = Release|Any CPU
	EndGlobalSection
	GlobalSection(ProjectConfigurationPlatforms) = postSolution
		{BEA67772-3795-44C4-8DA6-9A32F55450C3}.Debug|Any CPU.ActiveCfg = Debug|Any CPU
		{BEA67772-3795-44C4-8DA6-9A32F55450C3}.Debug|Any CPU.Build.0 = Debug|Any CPU
		{BEA67772-3795-44C4-8DA6-9A32F55450C3}.Release|Any CPU.ActiveCfg = Release|Any CPU
		{BEA67772-3795-44C4-8DA6-9A32F55450C3}.Release|Any CPU.Build.0 = Release|Any CPU
	EndGlobalSection
	GlobalSection(SolutionProperties) = preSolution
		HideSolutionNode = FALSE
	EndGlobalSection
	GlobalSection(NestedProjects) = preSolution
		{BEA67772-3795-44C4-8DA6-9A32F55450C3} = {D6AF33DD-32E5-4FF9-86B6-3FE87C6B2283}
	EndGlobalSection
EndGlobal
